
Microsoft Visual Studio Solution File, Format Version 12.00
# Visual Studio Version 17
VisualStudioVersion = 17.0.31903.59
MinimumVisualStudioVersion = 10.0.40219.1
Project("{2150E333-8FDC-42A3-9474-1A3956D46DE8}") = "src", "src", "{827E0CD3-B72D-47B6-A68D-7590B98EB39B}"
EndProject
Project("{FAE04EC0-301F-11D3-BF4B-00C04F79EFBC}") = "MediaTools.Cli", "src\MediaTools.Cli\MediaTools.Cli.csproj", "{EE3E4AB7-9D05-443B-8DCD-97ABE27C3A8C}"
EndProject
Project("{FAE04EC0-301F-11D3-BF4B-00C04F79EFBC}") = "MediaTools.App", "src\MediaTools.App\MediaTools.App.csproj", "{05292816-B3D6-4C99-A822-17F5A9064238}"
EndProject
Project("{FAE04EC0-301F-11D3-BF4B-00C04F79EFBC}") = "MediaTools.Domain", "src\MediaTools.Domain\MediaTools.Domain.csproj", "{1E40E231-128B-4A60-A3D0-4CA436449EAF}"
EndProject
Project("{FAE04EC0-301F-11D3-BF4B-00C04F79EFBC}") = "MediaTools.Infrastructure", "src\MediaTools.Infrastructure\MediaTools.Infrastructure.csproj", "{00EB7E82-9FBE-4796-B607-F1F10D6C093E}"
EndProject
Project("{FAE04EC0-301F-11D3-BF4B-00C04F79EFBC}") = "MediaTools.Scripts", "src\MediaTools.Scripts\MediaTools.Scripts.csproj", "{CA05FE8B-868B-4927-BD8E-E13BEB618437}"
EndProject
Project("{FAE04EC0-301F-11D3-BF4B-00C04F79EFBC}") = "MediaTools.Domain.Tests", "test\MediaTools.Domain.Tests\MediaTools.Domain.Tests.csproj", "{22967EC7-80B0-4885-9296-37785AB47B28}"
EndProject
Project("{FAE04EC0-301F-11D3-BF4B-00C04F79EFBC}") = "MediaTools.App.Tests", "test\MediaTools.App.Tests\MediaTools.App.Tests.csproj", "{5DDB1B74-C211-408B-9282-0BEA93307FA9}"
EndProject
Global
	GlobalSection(SolutionConfigurationPlatforms) = preSolution
		Debug|Any CPU = Debug|Any CPU
		Debug|x64 = Debug|x64
		Debug|x86 = Debug|x86
		Release|Any CPU = Release|Any CPU
		Release|x64 = Release|x64
		Release|x86 = Release|x86
	EndGlobalSection
	GlobalSection(ProjectConfigurationPlatforms) = postSolution
		{EE3E4AB7-9D05-443B-8DCD-97ABE27C3A8C}.Debug|Any CPU.ActiveCfg = Debug|Any CPU
		{EE3E4AB7-9D05-443B-8DCD-97ABE27C3A8C}.Debug|Any CPU.Build.0 = Debug|Any CPU
		{EE3E4AB7-9D05-443B-8DCD-97ABE27C3A8C}.Debug|x64.ActiveCfg = Debug|Any CPU
		{EE3E4AB7-9D05-443B-8DCD-97ABE27C3A8C}.Debug|x64.Build.0 = Debug|Any CPU
		{EE3E4AB7-9D05-443B-8DCD-97ABE27C3A8C}.Debug|x86.ActiveCfg = Debug|Any CPU
		{EE3E4AB7-9D05-443B-8DCD-97ABE27C3A8C}.Debug|x86.Build.0 = Debug|Any CPU
		{EE3E4AB7-9D05-443B-8DCD-97ABE27C3A8C}.Release|Any CPU.ActiveCfg = Release|Any CPU
		{EE3E4AB7-9D05-443B-8DCD-97ABE27C3A8C}.Release|Any CPU.Build.0 = Release|Any CPU
		{EE3E4AB7-9D05-443B-8DCD-97ABE27C3A8C}.Release|x64.ActiveCfg = Release|Any CPU
		{EE3E4AB7-9D05-443B-8DCD-97ABE27C3A8C}.Release|x64.Build.0 = Release|Any CPU
		{EE3E4AB7-9D05-443B-8DCD-97ABE27C3A8C}.Release|x86.ActiveCfg = Release|Any CPU
		{EE3E4AB7-9D05-443B-8DCD-97ABE27C3A8C}.Release|x86.Build.0 = Release|Any CPU
		{05292816-B3D6-4C99-A822-17F5A9064238}.Debug|Any CPU.ActiveCfg = Debug|Any CPU
		{05292816-B3D6-4C99-A822-17F5A9064238}.Debug|Any CPU.Build.0 = Debug|Any CPU
		{05292816-B3D6-4C99-A822-17F5A9064238}.Debug|x64.ActiveCfg = Debug|Any CPU
		{05292816-B3D6-4C99-A822-17F5A9064238}.Debug|x64.Build.0 = Debug|Any CPU
		{05292816-B3D6-4C99-A822-17F5A9064238}.Debug|x86.ActiveCfg = Debug|Any CPU
		{05292816-B3D6-4C99-A822-17F5A9064238}.Debug|x86.Build.0 = Debug|Any CPU
		{05292816-B3D6-4C99-A822-17F5A9064238}.Release|Any CPU.ActiveCfg = Release|Any CPU
		{05292816-B3D6-4C99-A822-17F5A9064238}.Release|Any CPU.Build.0 = Release|Any CPU
		{05292816-B3D6-4C99-A822-17F5A9064238}.Release|x64.ActiveCfg = Release|Any CPU
		{05292816-B3D6-4C99-A822-17F5A9064238}.Release|x64.Build.0 = Release|Any CPU
		{05292816-B3D6-4C99-A822-17F5A9064238}.Release|x86.ActiveCfg = Release|Any CPU
		{05292816-B3D6-4C99-A822-17F5A9064238}.Release|x86.Build.0 = Release|Any CPU
		{1E40E231-128B-4A60-A3D0-4CA436449EAF}.Debug|Any CPU.ActiveCfg = Debug|Any CPU
		{1E40E231-128B-4A60-A3D0-4CA436449EAF}.Debug|Any CPU.Build.0 = Debug|Any CPU
		{1E40E231-128B-4A60-A3D0-4CA436449EAF}.Debug|x64.ActiveCfg = Debug|Any CPU
		{1E40E231-128B-4A60-A3D0-4CA436449EAF}.Debug|x64.Build.0 = Debug|Any CPU
		{1E40E231-128B-4A60-A3D0-4CA436449EAF}.Debug|x86.ActiveCfg = Debug|Any CPU
		{1E40E231-128B-4A60-A3D0-4CA436449EAF}.Debug|x86.Build.0 = Debug|Any CPU
		{1E40E231-128B-4A60-A3D0-4CA436449EAF}.Release|Any CPU.ActiveCfg = Release|Any CPU
		{1E40E231-128B-4A60-A3D0-4CA436449EAF}.Release|Any CPU.Build.0 = Release|Any CPU
		{1E40E231-128B-4A60-A3D0-4CA436449EAF}.Release|x64.ActiveCfg = Release|Any CPU
		{1E40E231-128B-4A60-A3D0-4CA436449EAF}.Release|x64.Build.0 = Release|Any CPU
		{1E40E231-128B-4A60-A3D0-4CA436449EAF}.Release|x86.ActiveCfg = Release|Any CPU
		{1E40E231-128B-4A60-A3D0-4CA436449EAF}.Release|x86.Build.0 = Release|Any CPU
		{00EB7E82-9FBE-4796-B607-F1F10D6C093E}.Debug|Any CPU.ActiveCfg = Debug|Any CPU
		{00EB7E82-9FBE-4796-B607-F1F10D6C093E}.Debug|Any CPU.Build.0 = Debug|Any CPU
		{00EB7E82-9FBE-4796-B607-F1F10D6C093E}.Debug|x64.ActiveCfg = Debug|Any CPU
		{00EB7E82-9FBE-4796-B607-F1F10D6C093E}.Debug|x64.Build.0 = Debug|Any CPU
		{00EB7E82-9FBE-4796-B607-F1F10D6C093E}.Debug|x86.ActiveCfg = Debug|Any CPU
		{00EB7E82-9FBE-4796-B607-F1F10D6C093E}.Debug|x86.Build.0 = Debug|Any CPU
		{00EB7E82-9FBE-4796-B607-F1F10D6C093E}.Release|Any CPU.ActiveCfg = Release|Any CPU
		{00EB7E82-9FBE-4796-B607-F1F10D6C093E}.Release|Any CPU.Build.0 = Release|Any CPU
		{00EB7E82-9FBE-4796-B607-F1F10D6C093E}.Release|x64.ActiveCfg = Release|Any CPU
		{00EB7E82-9FBE-4796-B607-F1F10D6C093E}.Release|x64.Build.0 = Release|Any CPU
		{00EB7E82-9FBE-4796-B607-F1F10D6C093E}.Release|x86.ActiveCfg = Release|Any CPU
		{00EB7E82-9FBE-4796-B607-F1F10D6C093E}.Release|x86.Build.0 = Release|Any CPU
		{CA05FE8B-868B-4927-BD8E-E13BEB618437}.Debug|Any CPU.ActiveCfg = Debug|Any CPU
		{CA05FE8B-868B-4927-BD8E-E13BEB618437}.Debug|Any CPU.Build.0 = Debug|Any CPU
		{CA05FE8B-868B-4927-BD8E-E13BEB618437}.Debug|x64.ActiveCfg = Debug|Any CPU
		{CA05FE8B-868B-4927-BD8E-E13BEB618437}.Debug|x64.Build.0 = Debug|Any CPU
		{CA05FE8B-868B-4927-BD8E-E13BEB618437}.Debug|x86.ActiveCfg = Debug|Any CPU
		{CA05FE8B-868B-4927-BD8E-E13BEB618437}.Debug|x86.Build.0 = Debug|Any CPU
		{CA05FE8B-868B-4927-BD8E-E13BEB618437}.Release|Any CPU.ActiveCfg = Release|Any CPU
		{CA05FE8B-868B-4927-BD8E-E13BEB618437}.Release|Any CPU.Build.0 = Release|Any CPU
		{CA05FE8B-868B-4927-BD8E-E13BEB618437}.Release|x64.ActiveCfg = Release|Any CPU
		{CA05FE8B-868B-4927-BD8E-E13BEB618437}.Release|x64.Build.0 = Release|Any CPU
		{CA05FE8B-868B-4927-BD8E-E13BEB618437}.Release|x86.ActiveCfg = Release|Any CPU
		{CA05FE8B-868B-4927-BD8E-E13BEB618437}.Release|x86.Build.0 = Release|Any CPU
		{22967EC7-80B0-4885-9296-37785AB47B28}.Debug|Any CPU.ActiveCfg = Debug|Any CPU
		{22967EC7-80B0-4885-9296-37785AB47B28}.Debug|Any CPU.Build.0 = Debug|Any CPU
		{22967EC7-80B0-4885-9296-37785AB47B28}.Debug|x64.ActiveCfg = Debug|Any CPU
		{22967EC7-80B0-4885-9296-37785AB47B28}.Debug|x64.Build.0 = Debug|Any CPU
		{22967EC7-80B0-4885-9296-37785AB47B28}.Debug|x86.ActiveCfg = Debug|Any CPU
		{22967EC7-80B0-4885-9296-37785AB47B28}.Debug|x86.Build.0 = Debug|Any CPU
		{22967EC7-80B0-4885-9296-37785AB47B28}.Release|Any CPU.ActiveCfg = Release|Any CPU
		{22967EC7-80B0-4885-9296-37785AB47B28}.Release|Any CPU.Build.0 = Release|Any CPU
		{22967EC7-80B0-4885-9296-37785AB47B28}.Release|x64.ActiveCfg = Release|Any CPU
		{22967EC7-80B0-4885-9296-37785AB47B28}.Release|x64.Build.0 = Release|Any CPU
		{22967EC7-80B0-4885-9296-37785AB47B28}.Release|x86.ActiveCfg = Release|Any CPU
		{22967EC7-80B0-4885-9296-37785AB47B28}.Release|x86.Build.0 = Release|Any CPU
		{5DDB1B74-C211-408B-9282-0BEA93307FA9}.Debug|Any CPU.ActiveCfg = Debug|Any CPU
		{5DDB1B74-C211-408B-9282-0BEA93307FA9}.Debug|Any CPU.Build.0 = Debug|Any CPU
		{5DDB1B74-C211-408B-9282-0BEA93307FA9}.Debug|x64.ActiveCfg = Debug|Any CPU
		{5DDB1B74-C211-408B-9282-0BEA93307FA9}.Debug|x64.Build.0 = Debug|Any CPU
		{5DDB1B74-C211-408B-9282-0BEA93307FA9}.Debug|x86.ActiveCfg = Debug|Any CPU
		{5DDB1B74-C211-408B-9282-0BEA93307FA9}.Debug|x86.Build.0 = Debug|Any CPU
		{5DDB1B74-C211-408B-9282-0BEA93307FA9}.Release|Any CPU.ActiveCfg = Release|Any CPU
		{5DDB1B74-C211-408B-9282-0BEA93307FA9}.Release|Any CPU.Build.0 = Release|Any CPU
		{5DDB1B74-C211-408B-9282-0BEA93307FA9}.Release|x64.ActiveCfg = Release|Any CPU
		{5DDB1B74-C211-408B-9282-0BEA93307FA9}.Release|x64.Build.0 = Release|Any CPU
		{5DDB1B74-C211-408B-9282-0BEA93307FA9}.Release|x86.ActiveCfg = Release|Any CPU
		{5DDB1B74-C211-408B-9282-0BEA93307FA9}.Release|x86.Build.0 = Release|Any CPU
	EndGlobalSection
	GlobalSection(SolutionProperties) = preSolution
		HideSolutionNode = FALSE
	EndGlobalSection
	GlobalSection(NestedProjects) = preSolution
		{EE3E4AB7-9D05-443B-8DCD-97ABE27C3A8C} = {827E0CD3-B72D-47B6-A68D-7590B98EB39B}
		{05292816-B3D6-4C99-A822-17F5A9064238} = {827E0CD3-B72D-47B6-A68D-7590B98EB39B}
		{1E40E231-128B-4A60-A3D0-4CA436449EAF} = {827E0CD3-B72D-47B6-A68D-7590B98EB39B}
		{00EB7E82-9FBE-4796-B607-F1F10D6C093E} = {827E0CD3-B72D-47B6-A68D-7590B98EB39B}
		{CA05FE8B-868B-4927-BD8E-E13BEB618437} = {827E0CD3-B72D-47B6-A68D-7590B98EB39B}
		{22967EC7-80B0-4885-9296-37785AB47B28} = {827E0CD3-B72D-47B6-A68D-7590B98EB39B}
		{5DDB1B74-C211-408B-9282-0BEA93307FA9} = {827E0CD3-B72D-47B6-A68D-7590B98EB39B}
	EndGlobalSection
EndGlobal
